
Microsoft Visual Studio Solution File, Format Version 12.00
# Visual Studio Version 17
VisualStudioVersion = 17.4.33205.214
MinimumVisualStudioVersion = 15.0.26124.0
Project("{9A19103F-16F7-4668-BE54-9A1E7A4F7556}") = "Atlantic.Api", "Atlantic.Api\Atlantic.Api.csproj", "{D57AF10B-F764-43E8-924C-FE446944F1EA}"
EndProject
Project("{2150E333-8FDC-42A3-9474-1A3956D46DE8}") = "Solution Items", "Solution Items", "{A4A1B385-B055-4876-A572-D5AFD1162242}"
	ProjectSection(SolutionItems) = preProject
		.editorconfig = .editorconfig
	EndProjectSection
EndProject
Project("{9A19103F-16F7-4668-BE54-9A1E7A4F7556}") = "Atlantic.Api.Facades", "Atlantic.Api.Facades\Atlantic.Api.Facades.csproj", "{C4E5B837-8C8D-47ED-973E-FB70664FFB60}"
EndProject
Project("{9A19103F-16F7-4668-BE54-9A1E7A4F7556}") = "Atlantic.Api.Models", "Atlantic.Api.Models\Atlantic.Api.Models.csproj", "{46EC828B-835E-4475-B0ED-F1EFC0DBCB51}"
EndProject
Project("{9A19103F-16F7-4668-BE54-9A1E7A4F7556}") = "Atlantic.Api.Services", "Atlantic.Api.Services\Atlantic.Api.Services.csproj", "{AD09BE53-C92B-4967-AEE5-CD24DE175404}"
EndProject
Project("{9A19103F-16F7-4668-BE54-9A1E7A4F7556}") = "Atlantic.Api.Tests", "Atlantic.Api.Tests\Atlantic.Api.Tests.csproj", "{DBFB72E3-3E59-4C29-8569-AFCB9D504E5D}"
EndProject
Project("{FAE04EC0-301F-11D3-BF4B-00C04F79EFBC}") = "Atlantic.Api.Migrations", "Atlantic.Api.Migrations\Atlantic.Api.Migrations.csproj", "{052A5194-163A-4B7B-9F21-A32D344BD320}"
EndProject
Project("{FAE04EC0-301F-11D3-BF4B-00C04F79EFBC}") = "Atlantic.Api.Data", "Atlantic.Api.Data\Atlantic.Api.Data.csproj", "{963B47C4-4A19-4C3D-804F-682A14F95E21}"
EndProject
Global
	GlobalSection(SolutionConfigurationPlatforms) = preSolution
		Debug|Any CPU = Debug|Any CPU
		Debug|x64 = Debug|x64
		Debug|x86 = Debug|x86
		dev|Any CPU = dev|Any CPU
		dev|x64 = dev|x64
		dev|x86 = dev|x86
		prd|Any CPU = prd|Any CPU
		prd|x64 = prd|x64
		prd|x86 = prd|x86
		qas|Any CPU = qas|Any CPU
		qas|x64 = qas|x64
		qas|x86 = qas|x86
		Release|Any CPU = Release|Any CPU
		Release|x64 = Release|x64
		Release|x86 = Release|x86
	EndGlobalSection
	GlobalSection(ProjectConfigurationPlatforms) = postSolution
		{D57AF10B-F764-43E8-924C-FE446944F1EA}.Debug|Any CPU.ActiveCfg = Debug|Any CPU
		{D57AF10B-F764-43E8-924C-FE446944F1EA}.Debug|Any CPU.Build.0 = Debug|Any CPU
		{D57AF10B-F764-43E8-924C-FE446944F1EA}.Debug|x64.ActiveCfg = Debug|Any CPU
		{D57AF10B-F764-43E8-924C-FE446944F1EA}.Debug|x64.Build.0 = Debug|Any CPU
		{D57AF10B-F764-43E8-924C-FE446944F1EA}.Debug|x86.ActiveCfg = Debug|Any CPU
		{D57AF10B-F764-43E8-924C-FE446944F1EA}.Debug|x86.Build.0 = Debug|Any CPU
		{D57AF10B-F764-43E8-924C-FE446944F1EA}.dev|Any CPU.ActiveCfg = dev|Any CPU
		{D57AF10B-F764-43E8-924C-FE446944F1EA}.dev|Any CPU.Build.0 = dev|Any CPU
		{D57AF10B-F764-43E8-924C-FE446944F1EA}.dev|x64.ActiveCfg = dev|Any CPU
		{D57AF10B-F764-43E8-924C-FE446944F1EA}.dev|x64.Build.0 = dev|Any CPU
		{D57AF10B-F764-43E8-924C-FE446944F1EA}.dev|x86.ActiveCfg = dev|Any CPU
		{D57AF10B-F764-43E8-924C-FE446944F1EA}.dev|x86.Build.0 = dev|Any CPU
		{D57AF10B-F764-43E8-924C-FE446944F1EA}.prd|Any CPU.ActiveCfg = prd|Any CPU
		{D57AF10B-F764-43E8-924C-FE446944F1EA}.prd|Any CPU.Build.0 = prd|Any CPU
		{D57AF10B-F764-43E8-924C-FE446944F1EA}.prd|x64.ActiveCfg = prd|Any CPU
		{D57AF10B-F764-43E8-924C-FE446944F1EA}.prd|x64.Build.0 = prd|Any CPU
		{D57AF10B-F764-43E8-924C-FE446944F1EA}.prd|x86.ActiveCfg = prd|Any CPU
		{D57AF10B-F764-43E8-924C-FE446944F1EA}.prd|x86.Build.0 = prd|Any CPU
		{D57AF10B-F764-43E8-924C-FE446944F1EA}.qas|Any CPU.ActiveCfg = qas|Any CPU
		{D57AF10B-F764-43E8-924C-FE446944F1EA}.qas|Any CPU.Build.0 = qas|Any CPU
		{D57AF10B-F764-43E8-924C-FE446944F1EA}.qas|x64.ActiveCfg = qas|Any CPU
		{D57AF10B-F764-43E8-924C-FE446944F1EA}.qas|x64.Build.0 = qas|Any CPU
		{D57AF10B-F764-43E8-924C-FE446944F1EA}.qas|x86.ActiveCfg = qas|Any CPU
		{D57AF10B-F764-43E8-924C-FE446944F1EA}.qas|x86.Build.0 = qas|Any CPU
		{D57AF10B-F764-43E8-924C-FE446944F1EA}.Release|Any CPU.ActiveCfg = Release|Any CPU
		{D57AF10B-F764-43E8-924C-FE446944F1EA}.Release|Any CPU.Build.0 = Release|Any CPU
		{D57AF10B-F764-43E8-924C-FE446944F1EA}.Release|x64.ActiveCfg = Release|Any CPU
		{D57AF10B-F764-43E8-924C-FE446944F1EA}.Release|x64.Build.0 = Release|Any CPU
		{D57AF10B-F764-43E8-924C-FE446944F1EA}.Release|x86.ActiveCfg = Release|Any CPU
		{D57AF10B-F764-43E8-924C-FE446944F1EA}.Release|x86.Build.0 = Release|Any CPU
		{C4E5B837-8C8D-47ED-973E-FB70664FFB60}.Debug|Any CPU.ActiveCfg = Debug|Any CPU
		{C4E5B837-8C8D-47ED-973E-FB70664FFB60}.Debug|Any CPU.Build.0 = Debug|Any CPU
		{C4E5B837-8C8D-47ED-973E-FB70664FFB60}.Debug|x64.ActiveCfg = Debug|Any CPU
		{C4E5B837-8C8D-47ED-973E-FB70664FFB60}.Debug|x64.Build.0 = Debug|Any CPU
		{C4E5B837-8C8D-47ED-973E-FB70664FFB60}.Debug|x86.ActiveCfg = Debug|Any CPU
		{C4E5B837-8C8D-47ED-973E-FB70664FFB60}.Debug|x86.Build.0 = Debug|Any CPU
		{C4E5B837-8C8D-47ED-973E-FB70664FFB60}.dev|Any CPU.ActiveCfg = dev|Any CPU
		{C4E5B837-8C8D-47ED-973E-FB70664FFB60}.dev|Any CPU.Build.0 = dev|Any CPU
		{C4E5B837-8C8D-47ED-973E-FB70664FFB60}.dev|x64.ActiveCfg = dev|Any CPU
		{C4E5B837-8C8D-47ED-973E-FB70664FFB60}.dev|x64.Build.0 = dev|Any CPU
		{C4E5B837-8C8D-47ED-973E-FB70664FFB60}.dev|x86.ActiveCfg = dev|Any CPU
		{C4E5B837-8C8D-47ED-973E-FB70664FFB60}.dev|x86.Build.0 = dev|Any CPU
		{C4E5B837-8C8D-47ED-973E-FB70664FFB60}.prd|Any CPU.ActiveCfg = prd|Any CPU
		{C4E5B837-8C8D-47ED-973E-FB70664FFB60}.prd|Any CPU.Build.0 = prd|Any CPU
		{C4E5B837-8C8D-47ED-973E-FB70664FFB60}.prd|x64.ActiveCfg = prd|Any CPU
		{C4E5B837-8C8D-47ED-973E-FB70664FFB60}.prd|x64.Build.0 = prd|Any CPU
		{C4E5B837-8C8D-47ED-973E-FB70664FFB60}.prd|x86.ActiveCfg = prd|Any CPU
		{C4E5B837-8C8D-47ED-973E-FB70664FFB60}.prd|x86.Build.0 = prd|Any CPU
		{C4E5B837-8C8D-47ED-973E-FB70664FFB60}.qas|Any CPU.ActiveCfg = qas|Any CPU
		{C4E5B837-8C8D-47ED-973E-FB70664FFB60}.qas|Any CPU.Build.0 = qas|Any CPU
		{C4E5B837-8C8D-47ED-973E-FB70664FFB60}.qas|x64.ActiveCfg = qas|Any CPU
		{C4E5B837-8C8D-47ED-973E-FB70664FFB60}.qas|x64.Build.0 = qas|Any CPU
		{C4E5B837-8C8D-47ED-973E-FB70664FFB60}.qas|x86.ActiveCfg = qas|Any CPU
		{C4E5B837-8C8D-47ED-973E-FB70664FFB60}.qas|x86.Build.0 = qas|Any CPU
		{C4E5B837-8C8D-47ED-973E-FB70664FFB60}.Release|Any CPU.ActiveCfg = Release|Any CPU
		{C4E5B837-8C8D-47ED-973E-FB70664FFB60}.Release|Any CPU.Build.0 = Release|Any CPU
		{C4E5B837-8C8D-47ED-973E-FB70664FFB60}.Release|x64.ActiveCfg = Release|Any CPU
		{C4E5B837-8C8D-47ED-973E-FB70664FFB60}.Release|x64.Build.0 = Release|Any CPU
		{C4E5B837-8C8D-47ED-973E-FB70664FFB60}.Release|x86.ActiveCfg = Release|Any CPU
		{C4E5B837-8C8D-47ED-973E-FB70664FFB60}.Release|x86.Build.0 = Release|Any CPU
		{46EC828B-835E-4475-B0ED-F1EFC0DBCB51}.Debug|Any CPU.ActiveCfg = Debug|Any CPU
		{46EC828B-835E-4475-B0ED-F1EFC0DBCB51}.Debug|Any CPU.Build.0 = Debug|Any CPU
		{46EC828B-835E-4475-B0ED-F1EFC0DBCB51}.Debug|x64.ActiveCfg = Debug|Any CPU
		{46EC828B-835E-4475-B0ED-F1EFC0DBCB51}.Debug|x64.Build.0 = Debug|Any CPU
		{46EC828B-835E-4475-B0ED-F1EFC0DBCB51}.Debug|x86.ActiveCfg = Debug|Any CPU
		{46EC828B-835E-4475-B0ED-F1EFC0DBCB51}.Debug|x86.Build.0 = Debug|Any CPU
		{46EC828B-835E-4475-B0ED-F1EFC0DBCB51}.dev|Any CPU.ActiveCfg = dev|Any CPU
		{46EC828B-835E-4475-B0ED-F1EFC0DBCB51}.dev|Any CPU.Build.0 = dev|Any CPU
		{46EC828B-835E-4475-B0ED-F1EFC0DBCB51}.dev|x64.ActiveCfg = dev|Any CPU
		{46EC828B-835E-4475-B0ED-F1EFC0DBCB51}.dev|x64.Build.0 = dev|Any CPU
		{46EC828B-835E-4475-B0ED-F1EFC0DBCB51}.dev|x86.ActiveCfg = dev|Any CPU
		{46EC828B-835E-4475-B0ED-F1EFC0DBCB51}.dev|x86.Build.0 = dev|Any CPU
		{46EC828B-835E-4475-B0ED-F1EFC0DBCB51}.prd|Any CPU.ActiveCfg = prd|Any CPU
		{46EC828B-835E-4475-B0ED-F1EFC0DBCB51}.prd|Any CPU.Build.0 = prd|Any CPU
		{46EC828B-835E-4475-B0ED-F1EFC0DBCB51}.prd|x64.ActiveCfg = prd|Any CPU
		{46EC828B-835E-4475-B0ED-F1EFC0DBCB51}.prd|x64.Build.0 = prd|Any CPU
		{46EC828B-835E-4475-B0ED-F1EFC0DBCB51}.prd|x86.ActiveCfg = prd|Any CPU
		{46EC828B-835E-4475-B0ED-F1EFC0DBCB51}.prd|x86.Build.0 = prd|Any CPU
		{46EC828B-835E-4475-B0ED-F1EFC0DBCB51}.qas|Any CPU.ActiveCfg = qas|Any CPU
		{46EC828B-835E-4475-B0ED-F1EFC0DBCB51}.qas|Any CPU.Build.0 = qas|Any CPU
		{46EC828B-835E-4475-B0ED-F1EFC0DBCB51}.qas|x64.ActiveCfg = qas|Any CPU
		{46EC828B-835E-4475-B0ED-F1EFC0DBCB51}.qas|x64.Build.0 = qas|Any CPU
		{46EC828B-835E-4475-B0ED-F1EFC0DBCB51}.qas|x86.ActiveCfg = qas|Any CPU
		{46EC828B-835E-4475-B0ED-F1EFC0DBCB51}.qas|x86.Build.0 = qas|Any CPU
		{46EC828B-835E-4475-B0ED-F1EFC0DBCB51}.Release|Any CPU.ActiveCfg = Release|Any CPU
		{46EC828B-835E-4475-B0ED-F1EFC0DBCB51}.Release|Any CPU.Build.0 = Release|Any CPU
		{46EC828B-835E-4475-B0ED-F1EFC0DBCB51}.Release|x64.ActiveCfg = Release|Any CPU
		{46EC828B-835E-4475-B0ED-F1EFC0DBCB51}.Release|x64.Build.0 = Release|Any CPU
		{46EC828B-835E-4475-B0ED-F1EFC0DBCB51}.Release|x86.ActiveCfg = Release|Any CPU
		{46EC828B-835E-4475-B0ED-F1EFC0DBCB51}.Release|x86.Build.0 = Release|Any CPU
		{AD09BE53-C92B-4967-AEE5-CD24DE175404}.Debug|Any CPU.ActiveCfg = Debug|Any CPU
		{AD09BE53-C92B-4967-AEE5-CD24DE175404}.Debug|Any CPU.Build.0 = Debug|Any CPU
		{AD09BE53-C92B-4967-AEE5-CD24DE175404}.Debug|x64.ActiveCfg = Debug|Any CPU
		{AD09BE53-C92B-4967-AEE5-CD24DE175404}.Debug|x64.Build.0 = Debug|Any CPU
		{AD09BE53-C92B-4967-AEE5-CD24DE175404}.Debug|x86.ActiveCfg = Debug|Any CPU
		{AD09BE53-C92B-4967-AEE5-CD24DE175404}.Debug|x86.Build.0 = Debug|Any CPU
		{AD09BE53-C92B-4967-AEE5-CD24DE175404}.dev|Any CPU.ActiveCfg = dev|Any CPU
		{AD09BE53-C92B-4967-AEE5-CD24DE175404}.dev|Any CPU.Build.0 = dev|Any CPU
		{AD09BE53-C92B-4967-AEE5-CD24DE175404}.dev|x64.ActiveCfg = dev|Any CPU
		{AD09BE53-C92B-4967-AEE5-CD24DE175404}.dev|x64.Build.0 = dev|Any CPU
		{AD09BE53-C92B-4967-AEE5-CD24DE175404}.dev|x86.ActiveCfg = dev|Any CPU
		{AD09BE53-C92B-4967-AEE5-CD24DE175404}.dev|x86.Build.0 = dev|Any CPU
		{AD09BE53-C92B-4967-AEE5-CD24DE175404}.prd|Any CPU.ActiveCfg = prd|Any CPU
		{AD09BE53-C92B-4967-AEE5-CD24DE175404}.prd|Any CPU.Build.0 = prd|Any CPU
		{AD09BE53-C92B-4967-AEE5-CD24DE175404}.prd|x64.ActiveCfg = prd|Any CPU
		{AD09BE53-C92B-4967-AEE5-CD24DE175404}.prd|x64.Build.0 = prd|Any CPU
		{AD09BE53-C92B-4967-AEE5-CD24DE175404}.prd|x86.ActiveCfg = prd|Any CPU
		{AD09BE53-C92B-4967-AEE5-CD24DE175404}.prd|x86.Build.0 = prd|Any CPU
		{AD09BE53-C92B-4967-AEE5-CD24DE175404}.qas|Any CPU.ActiveCfg = qas|Any CPU
		{AD09BE53-C92B-4967-AEE5-CD24DE175404}.qas|Any CPU.Build.0 = qas|Any CPU
		{AD09BE53-C92B-4967-AEE5-CD24DE175404}.qas|x64.ActiveCfg = qas|Any CPU
		{AD09BE53-C92B-4967-AEE5-CD24DE175404}.qas|x64.Build.0 = qas|Any CPU
		{AD09BE53-C92B-4967-AEE5-CD24DE175404}.qas|x86.ActiveCfg = qas|Any CPU
		{AD09BE53-C92B-4967-AEE5-CD24DE175404}.qas|x86.Build.0 = qas|Any CPU
		{AD09BE53-C92B-4967-AEE5-CD24DE175404}.Release|Any CPU.ActiveCfg = Release|Any CPU
		{AD09BE53-C92B-4967-AEE5-CD24DE175404}.Release|Any CPU.Build.0 = Release|Any CPU
		{AD09BE53-C92B-4967-AEE5-CD24DE175404}.Release|x64.ActiveCfg = Release|Any CPU
		{AD09BE53-C92B-4967-AEE5-CD24DE175404}.Release|x64.Build.0 = Release|Any CPU
		{AD09BE53-C92B-4967-AEE5-CD24DE175404}.Release|x86.ActiveCfg = Release|Any CPU
		{AD09BE53-C92B-4967-AEE5-CD24DE175404}.Release|x86.Build.0 = Release|Any CPU
		{DBFB72E3-3E59-4C29-8569-AFCB9D504E5D}.Debug|Any CPU.ActiveCfg = Debug|Any CPU
		{DBFB72E3-3E59-4C29-8569-AFCB9D504E5D}.Debug|Any CPU.Build.0 = Debug|Any CPU
		{DBFB72E3-3E59-4C29-8569-AFCB9D504E5D}.Debug|x64.ActiveCfg = Debug|Any CPU
		{DBFB72E3-3E59-4C29-8569-AFCB9D504E5D}.Debug|x64.Build.0 = Debug|Any CPU
		{DBFB72E3-3E59-4C29-8569-AFCB9D504E5D}.Debug|x86.ActiveCfg = Debug|Any CPU
		{DBFB72E3-3E59-4C29-8569-AFCB9D504E5D}.Debug|x86.Build.0 = Debug|Any CPU
		{DBFB72E3-3E59-4C29-8569-AFCB9D504E5D}.dev|Any CPU.ActiveCfg = dev|Any CPU
		{DBFB72E3-3E59-4C29-8569-AFCB9D504E5D}.dev|Any CPU.Build.0 = dev|Any CPU
		{DBFB72E3-3E59-4C29-8569-AFCB9D504E5D}.dev|x64.ActiveCfg = dev|Any CPU
		{DBFB72E3-3E59-4C29-8569-AFCB9D504E5D}.dev|x64.Build.0 = dev|Any CPU
		{DBFB72E3-3E59-4C29-8569-AFCB9D504E5D}.dev|x86.ActiveCfg = dev|Any CPU
		{DBFB72E3-3E59-4C29-8569-AFCB9D504E5D}.dev|x86.Build.0 = dev|Any CPU
		{DBFB72E3-3E59-4C29-8569-AFCB9D504E5D}.prd|Any CPU.ActiveCfg = prd|Any CPU
		{DBFB72E3-3E59-4C29-8569-AFCB9D504E5D}.prd|Any CPU.Build.0 = prd|Any CPU
		{DBFB72E3-3E59-4C29-8569-AFCB9D504E5D}.prd|x64.ActiveCfg = prd|Any CPU
		{DBFB72E3-3E59-4C29-8569-AFCB9D504E5D}.prd|x64.Build.0 = prd|Any CPU
		{DBFB72E3-3E59-4C29-8569-AFCB9D504E5D}.prd|x86.ActiveCfg = prd|Any CPU
		{DBFB72E3-3E59-4C29-8569-AFCB9D504E5D}.prd|x86.Build.0 = prd|Any CPU
		{DBFB72E3-3E59-4C29-8569-AFCB9D504E5D}.qas|Any CPU.ActiveCfg = qas|Any CPU
		{DBFB72E3-3E59-4C29-8569-AFCB9D504E5D}.qas|Any CPU.Build.0 = qas|Any CPU
		{DBFB72E3-3E59-4C29-8569-AFCB9D504E5D}.qas|x64.ActiveCfg = qas|Any CPU
		{DBFB72E3-3E59-4C29-8569-AFCB9D504E5D}.qas|x64.Build.0 = qas|Any CPU
		{DBFB72E3-3E59-4C29-8569-AFCB9D504E5D}.qas|x86.ActiveCfg = qas|Any CPU
		{DBFB72E3-3E59-4C29-8569-AFCB9D504E5D}.qas|x86.Build.0 = qas|Any CPU
		{DBFB72E3-3E59-4C29-8569-AFCB9D504E5D}.Release|Any CPU.ActiveCfg = Release|Any CPU
		{DBFB72E3-3E59-4C29-8569-AFCB9D504E5D}.Release|Any CPU.Build.0 = Release|Any CPU
		{DBFB72E3-3E59-4C29-8569-AFCB9D504E5D}.Release|x64.ActiveCfg = Release|Any CPU
		{DBFB72E3-3E59-4C29-8569-AFCB9D504E5D}.Release|x64.Build.0 = Release|Any CPU
		{DBFB72E3-3E59-4C29-8569-AFCB9D504E5D}.Release|x86.ActiveCfg = Release|Any CPU
		{DBFB72E3-3E59-4C29-8569-AFCB9D504E5D}.Release|x86.Build.0 = Release|Any CPU
		{052A5194-163A-4B7B-9F21-A32D344BD320}.Debug|Any CPU.ActiveCfg = Debug|Any CPU
		{052A5194-163A-4B7B-9F21-A32D344BD320}.Debug|Any CPU.Build.0 = Debug|Any CPU
		{052A5194-163A-4B7B-9F21-A32D344BD320}.Debug|x64.ActiveCfg = Debug|Any CPU
		{052A5194-163A-4B7B-9F21-A32D344BD320}.Debug|x64.Build.0 = Debug|Any CPU
		{052A5194-163A-4B7B-9F21-A32D344BD320}.Debug|x86.ActiveCfg = Debug|Any CPU
		{052A5194-163A-4B7B-9F21-A32D344BD320}.Debug|x86.Build.0 = Debug|Any CPU
		{052A5194-163A-4B7B-9F21-A32D344BD320}.dev|Any CPU.ActiveCfg = Debug|Any CPU
		{052A5194-163A-4B7B-9F21-A32D344BD320}.dev|Any CPU.Build.0 = Debug|Any CPU
		{052A5194-163A-4B7B-9F21-A32D344BD320}.dev|x64.ActiveCfg = Debug|Any CPU
		{052A5194-163A-4B7B-9F21-A32D344BD320}.dev|x64.Build.0 = Debug|Any CPU
		{052A5194-163A-4B7B-9F21-A32D344BD320}.dev|x86.ActiveCfg = Debug|Any CPU
		{052A5194-163A-4B7B-9F21-A32D344BD320}.dev|x86.Build.0 = Debug|Any CPU
		{052A5194-163A-4B7B-9F21-A32D344BD320}.prd|Any CPU.ActiveCfg = Debug|Any CPU
		{052A5194-163A-4B7B-9F21-A32D344BD320}.prd|Any CPU.Build.0 = Debug|Any CPU
		{052A5194-163A-4B7B-9F21-A32D344BD320}.prd|x64.ActiveCfg = Debug|Any CPU
		{052A5194-163A-4B7B-9F21-A32D344BD320}.prd|x64.Build.0 = Debug|Any CPU
		{052A5194-163A-4B7B-9F21-A32D344BD320}.prd|x86.ActiveCfg = Debug|Any CPU
		{052A5194-163A-4B7B-9F21-A32D344BD320}.prd|x86.Build.0 = Debug|Any CPU
		{052A5194-163A-4B7B-9F21-A32D344BD320}.qas|Any CPU.ActiveCfg = Debug|Any CPU
		{052A5194-163A-4B7B-9F21-A32D344BD320}.qas|Any CPU.Build.0 = Debug|Any CPU
		{052A5194-163A-4B7B-9F21-A32D344BD320}.qas|x64.ActiveCfg = Debug|Any CPU
		{052A5194-163A-4B7B-9F21-A32D344BD320}.qas|x64.Build.0 = Debug|Any CPU
		{052A5194-163A-4B7B-9F21-A32D344BD320}.qas|x86.ActiveCfg = Debug|Any CPU
		{052A5194-163A-4B7B-9F21-A32D344BD320}.qas|x86.Build.0 = Debug|Any CPU
		{052A5194-163A-4B7B-9F21-A32D344BD320}.Release|Any CPU.ActiveCfg = Release|Any CPU
		{052A5194-163A-4B7B-9F21-A32D344BD320}.Release|Any CPU.Build.0 = Release|Any CPU
		{052A5194-163A-4B7B-9F21-A32D344BD320}.Release|x64.ActiveCfg = Release|Any CPU
		{052A5194-163A-4B7B-9F21-A32D344BD320}.Release|x64.Build.0 = Release|Any CPU
		{052A5194-163A-4B7B-9F21-A32D344BD320}.Release|x86.ActiveCfg = Release|Any CPU
		{052A5194-163A-4B7B-9F21-A32D344BD320}.Release|x86.Build.0 = Release|Any CPU
		{963B47C4-4A19-4C3D-804F-682A14F95E21}.Debug|Any CPU.ActiveCfg = Debug|Any CPU
		{963B47C4-4A19-4C3D-804F-682A14F95E21}.Debug|Any CPU.Build.0 = Debug|Any CPU
		{963B47C4-4A19-4C3D-804F-682A14F95E21}.Debug|x64.ActiveCfg = Debug|Any CPU
		{963B47C4-4A19-4C3D-804F-682A14F95E21}.Debug|x64.Build.0 = Debug|Any CPU
		{963B47C4-4A19-4C3D-804F-682A14F95E21}.Debug|x86.ActiveCfg = Debug|Any CPU
		{963B47C4-4A19-4C3D-804F-682A14F95E21}.Debug|x86.Build.0 = Debug|Any CPU
		{963B47C4-4A19-4C3D-804F-682A14F95E21}.dev|Any CPU.ActiveCfg = Debug|Any CPU
		{963B47C4-4A19-4C3D-804F-682A14F95E21}.dev|Any CPU.Build.0 = Debug|Any CPU
		{963B47C4-4A19-4C3D-804F-682A14F95E21}.dev|x64.ActiveCfg = Debug|Any CPU
		{963B47C4-4A19-4C3D-804F-682A14F95E21}.dev|x64.Build.0 = Debug|Any CPU
		{963B47C4-4A19-4C3D-804F-682A14F95E21}.dev|x86.ActiveCfg = Debug|Any CPU
		{963B47C4-4A19-4C3D-804F-682A14F95E21}.dev|x86.Build.0 = Debug|Any CPU
		{963B47C4-4A19-4C3D-804F-682A14F95E21}.prd|Any CPU.ActiveCfg = Debug|Any CPU
		{963B47C4-4A19-4C3D-804F-682A14F95E21}.prd|Any CPU.Build.0 = Debug|Any CPU
		{963B47C4-4A19-4C3D-804F-682A14F95E21}.prd|x64.ActiveCfg = Debug|Any CPU
		{963B47C4-4A19-4C3D-804F-682A14F95E21}.prd|x64.Build.0 = Debug|Any CPU
		{963B47C4-4A19-4C3D-804F-682A14F95E21}.prd|x86.ActiveCfg = Debug|Any CPU
		{963B47C4-4A19-4C3D-804F-682A14F95E21}.prd|x86.Build.0 = Debug|Any CPU
		{963B47C4-4A19-4C3D-804F-682A14F95E21}.qas|Any CPU.ActiveCfg = Debug|Any CPU
		{963B47C4-4A19-4C3D-804F-682A14F95E21}.qas|Any CPU.Build.0 = Debug|Any CPU
		{963B47C4-4A19-4C3D-804F-682A14F95E21}.qas|x64.ActiveCfg = Debug|Any CPU
		{963B47C4-4A19-4C3D-804F-682A14F95E21}.qas|x64.Build.0 = Debug|Any CPU
		{963B47C4-4A19-4C3D-804F-682A14F95E21}.qas|x86.ActiveCfg = Debug|Any CPU
		{963B47C4-4A19-4C3D-804F-682A14F95E21}.qas|x86.Build.0 = Debug|Any CPU
		{963B47C4-4A19-4C3D-804F-682A14F95E21}.Release|Any CPU.ActiveCfg = Release|Any CPU
		{963B47C4-4A19-4C3D-804F-682A14F95E21}.Release|Any CPU.Build.0 = Release|Any CPU
		{963B47C4-4A19-4C3D-804F-682A14F95E21}.Release|x64.ActiveCfg = Release|Any CPU
		{963B47C4-4A19-4C3D-804F-682A14F95E21}.Release|x64.Build.0 = Release|Any CPU
		{963B47C4-4A19-4C3D-804F-682A14F95E21}.Release|x86.ActiveCfg = Release|Any CPU
		{963B47C4-4A19-4C3D-804F-682A14F95E21}.Release|x86.Build.0 = Release|Any CPU
	EndGlobalSection
	GlobalSection(SolutionProperties) = preSolution
		HideSolutionNode = FALSE
	EndGlobalSection
	GlobalSection(ExtensibilityGlobals) = postSolution
		SolutionGuid = {6F42A624-6E31-419A-AFB9-D522268DCC47}
	EndGlobalSection
EndGlobal
